// !$*UTF8*$!
{
	archiveVersion = 1;
	classes = {
	};
	objectVersion = 50;
	objects = {

/* Begin PBXBuildFile section */
		343C2C2C2239F53000874392 /* UIButtonX.swift in Sources */ = {isa = PBXBuildFile; fileRef = 343C2C2B2239F53000874392 /* UIButtonX.swift */; };
		343C2C2E2239F72500874392 /* UIViewX.swift in Sources */ = {isa = PBXBuildFile; fileRef = 343C2C2D2239F72500874392 /* UIViewX.swift */; };
		343C2C302239F76E00874392 /* SettingsDetailViewController.swift in Sources */ = {isa = PBXBuildFile; fileRef = 343C2C2F2239F76E00874392 /* SettingsDetailViewController.swift */; };
		34450CB122305DAA004B06F6 /* AppDelegate.swift in Sources */ = {isa = PBXBuildFile; fileRef = 34450CB022305DAA004B06F6 /* AppDelegate.swift */; };
		34450CB322305DAA004B06F6 /* InterfaceViewController.swift in Sources */ = {isa = PBXBuildFile; fileRef = 34450CB222305DAA004B06F6 /* InterfaceViewController.swift */; };
		34450CB522305DAA004B06F6 /* SettingsViewController.swift in Sources */ = {isa = PBXBuildFile; fileRef = 34450CB422305DAA004B06F6 /* SettingsViewController.swift */; };
		34450CB822305DAA004B06F6 /* Main.storyboard in Resources */ = {isa = PBXBuildFile; fileRef = 34450CB622305DAA004B06F6 /* Main.storyboard */; };
		34450CBA22305DAB004B06F6 /* Assets.xcassets in Resources */ = {isa = PBXBuildFile; fileRef = 34450CB922305DAB004B06F6 /* Assets.xcassets */; };
		34450CBD22305DAB004B06F6 /* LaunchScreen.storyboard in Resources */ = {isa = PBXBuildFile; fileRef = 34450CBB22305DAB004B06F6 /* LaunchScreen.storyboard */; };
		34450CC822305DAB004B06F6 /* AppleCoreTests.swift in Sources */ = {isa = PBXBuildFile; fileRef = 34450CC722305DAB004B06F6 /* AppleCoreTests.swift */; };
		34450CD322305DAB004B06F6 /* AppleCoreUITests.swift in Sources */ = {isa = PBXBuildFile; fileRef = 34450CD222305DAB004B06F6 /* AppleCoreUITests.swift */; };
		34450CE422305E63004B06F6 /* DarkTheme.swift in Sources */ = {isa = PBXBuildFile; fileRef = 34450CE322305E63004B06F6 /* DarkTheme.swift */; };
		34450CE722305F9D004B06F6 /* Colors.xcassets in Resources */ = {isa = PBXBuildFile; fileRef = 34450CE622305F9D004B06F6 /* Colors.xcassets */; };
		34450CEA2230B6E4004B06F6 /* LightTheme.swift in Sources */ = {isa = PBXBuildFile; fileRef = 34450CE92230B6E4004B06F6 /* LightTheme.swift */; };
		34450CEC2230B6EC004B06F6 /* ThemeProtocol.swift in Sources */ = {isa = PBXBuildFile; fileRef = 34450CEB2230B6EC004B06F6 /* ThemeProtocol.swift */; };
		34450CEE2230BB5F004B06F6 /* Theme.swift in Sources */ = {isa = PBXBuildFile; fileRef = 34450CED2230BB5F004B06F6 /* Theme.swift */; };
		347649A22240B0B700CBFBF1 /* SettingsInterfaceTint.storyboard in Resources */ = {isa = PBXBuildFile; fileRef = 347649A12240B0B700CBFBF1 /* SettingsInterfaceTint.storyboard */; };
		349A5C5E223DA00200B8F744 /* ButtonSizeSettingTableViewController.swift in Sources */ = {isa = PBXBuildFile; fileRef = 349A5C5D223DA00200B8F744 /* ButtonSizeSettingTableViewController.swift */; };
		349A5C60223DA01500B8F744 /* InterfaceTintSettingTableViewController.swift in Sources */ = {isa = PBXBuildFile; fileRef = 349A5C5F223DA01500B8F744 /* InterfaceTintSettingTableViewController.swift */; };
		349A5C62223DA02800B8F744 /* TextAlignmentSettingTableViewController.swift in Sources */ = {isa = PBXBuildFile; fileRef = 349A5C61223DA02800B8F744 /* TextAlignmentSettingTableViewController.swift */; };
		349A5C64223DA03400B8F744 /* TextSizeSettingTableViewController.swift in Sources */ = {isa = PBXBuildFile; fileRef = 349A5C63223DA03400B8F744 /* TextSizeSettingTableViewController.swift */; };
		349A5C66223DA04400B8F744 /* TextColourSettingTableViewController.swift in Sources */ = {isa = PBXBuildFile; fileRef = 349A5C65223DA04400B8F744 /* TextColourSettingTableViewController.swift */; };
		349F0F4B223C67E3008C2C61 /* CellType.swift in Sources */ = {isa = PBXBuildFile; fileRef = 349F0F4A223C67E3008C2C61 /* CellType.swift */; };
		349F0F4F223C6D68008C2C61 /* SettingType.swift in Sources */ = {isa = PBXBuildFile; fileRef = 349F0F4E223C6D68008C2C61 /* SettingType.swift */; };
		349F0F5D223C8D5B008C2C61 /* ButtonSizeTableViewCell.swift in Sources */ = {isa = PBXBuildFile; fileRef = 349F0F5B223C8D5B008C2C61 /* ButtonSizeTableViewCell.swift */; };
		349F0F5E223C8D5B008C2C61 /* ButtonSizeTableViewCell.xib in Resources */ = {isa = PBXBuildFile; fileRef = 349F0F5C223C8D5B008C2C61 /* ButtonSizeTableViewCell.xib */; };
		349F0F61223C8D6C008C2C61 /* InterfaceTintTableViewCell.swift in Sources */ = {isa = PBXBuildFile; fileRef = 349F0F5F223C8D6C008C2C61 /* InterfaceTintTableViewCell.swift */; };
		349F0F62223C8D6C008C2C61 /* InterfaceTintTableViewCell.xib in Resources */ = {isa = PBXBuildFile; fileRef = 349F0F60223C8D6C008C2C61 /* InterfaceTintTableViewCell.xib */; };
		349F0F67223C8DB9008C2C61 /* TextSizeTableViewCell.swift in Sources */ = {isa = PBXBuildFile; fileRef = 349F0F65223C8DB9008C2C61 /* TextSizeTableViewCell.swift */; };
		349F0F68223C8DB9008C2C61 /* TextSizeTableViewCell.xib in Resources */ = {isa = PBXBuildFile; fileRef = 349F0F66223C8DB9008C2C61 /* TextSizeTableViewCell.xib */; };
		349F0F6C223C8DE9008C2C61 /* TextAlignmentTableViewCell.swift in Sources */ = {isa = PBXBuildFile; fileRef = 349F0F6A223C8DE9008C2C61 /* TextAlignmentTableViewCell.swift */; };
		349F0F6D223C8DE9008C2C61 /* TextAlignmentTableViewCell.xib in Resources */ = {isa = PBXBuildFile; fileRef = 349F0F6B223C8DE9008C2C61 /* TextAlignmentTableViewCell.xib */; };
		349F0F72223C9346008C2C61 /* TextColorTableViewCell.swift in Sources */ = {isa = PBXBuildFile; fileRef = 349F0F70223C9346008C2C61 /* TextColorTableViewCell.swift */; };
		349F0F73223C9346008C2C61 /* TextColorTableViewCell.xib in Resources */ = {isa = PBXBuildFile; fileRef = 349F0F71223C9346008C2C61 /* TextColorTableViewCell.xib */; };
		349F0F76223C96CF008C2C61 /* DataModel.swift in Sources */ = {isa = PBXBuildFile; fileRef = 349F0F75223C96CF008C2C61 /* DataModel.swift */; };
		349F0F78223C974B008C2C61 /* Extensions.swift in Sources */ = {isa = PBXBuildFile; fileRef = 349F0F77223C974B008C2C61 /* Extensions.swift */; };
		349F0F7A223C99CC008C2C61 /* SettingItem.swift in Sources */ = {isa = PBXBuildFile; fileRef = 349F0F79223C99CC008C2C61 /* SettingItem.swift */; };
		349F0F7C223C99E8008C2C61 /* Settings.swift in Sources */ = {isa = PBXBuildFile; fileRef = 349F0F7B223C99E8008C2C61 /* Settings.swift */; };
		34C4F04822399A820041815E /* Constants.swift in Sources */ = {isa = PBXBuildFile; fileRef = 34C4F04722399A820041815E /* Constants.swift */; };
/* End PBXBuildFile section */

/* Begin PBXContainerItemProxy section */
		34450CC422305DAB004B06F6 /* PBXContainerItemProxy */ = {
			isa = PBXContainerItemProxy;
			containerPortal = 34450CA522305DAA004B06F6 /* Project object */;
			proxyType = 1;
			remoteGlobalIDString = 34450CAC22305DAA004B06F6;
			remoteInfo = AppleCore;
		};
		34450CCF22305DAB004B06F6 /* PBXContainerItemProxy */ = {
			isa = PBXContainerItemProxy;
			containerPortal = 34450CA522305DAA004B06F6 /* Project object */;
			proxyType = 1;
			remoteGlobalIDString = 34450CAC22305DAA004B06F6;
			remoteInfo = AppleCore;
		};
/* End PBXContainerItemProxy section */

/* Begin PBXFileReference section */
		343C2C2B2239F53000874392 /* UIButtonX.swift */ = {isa = PBXFileReference; lastKnownFileType = sourcecode.swift; path = UIButtonX.swift; sourceTree = "<group>"; };
		343C2C2D2239F72500874392 /* UIViewX.swift */ = {isa = PBXFileReference; lastKnownFileType = sourcecode.swift; path = UIViewX.swift; sourceTree = "<group>"; };
		343C2C2F2239F76E00874392 /* SettingsDetailViewController.swift */ = {isa = PBXFileReference; lastKnownFileType = sourcecode.swift; path = SettingsDetailViewController.swift; sourceTree = "<group>"; };
		34450CAD22305DAA004B06F6 /* AppleCore.app */ = {isa = PBXFileReference; explicitFileType = wrapper.application; includeInIndex = 0; path = AppleCore.app; sourceTree = BUILT_PRODUCTS_DIR; };
		34450CB022305DAA004B06F6 /* AppDelegate.swift */ = {isa = PBXFileReference; lastKnownFileType = sourcecode.swift; path = AppDelegate.swift; sourceTree = "<group>"; };
		34450CB222305DAA004B06F6 /* InterfaceViewController.swift */ = {isa = PBXFileReference; lastKnownFileType = sourcecode.swift; path = InterfaceViewController.swift; sourceTree = "<group>"; };
		34450CB422305DAA004B06F6 /* SettingsViewController.swift */ = {isa = PBXFileReference; lastKnownFileType = sourcecode.swift; path = SettingsViewController.swift; sourceTree = "<group>"; };
		34450CB722305DAA004B06F6 /* Base */ = {isa = PBXFileReference; lastKnownFileType = file.storyboard; name = Base; path = Base.lproj/Main.storyboard; sourceTree = "<group>"; };
		34450CB922305DAB004B06F6 /* Assets.xcassets */ = {isa = PBXFileReference; lastKnownFileType = folder.assetcatalog; path = Assets.xcassets; sourceTree = "<group>"; };
		34450CBC22305DAB004B06F6 /* Base */ = {isa = PBXFileReference; lastKnownFileType = file.storyboard; name = Base; path = Base.lproj/LaunchScreen.storyboard; sourceTree = "<group>"; };
		34450CBE22305DAB004B06F6 /* Info.plist */ = {isa = PBXFileReference; lastKnownFileType = text.plist.xml; path = Info.plist; sourceTree = "<group>"; };
		34450CC322305DAB004B06F6 /* AppleCoreTests.xctest */ = {isa = PBXFileReference; explicitFileType = wrapper.cfbundle; includeInIndex = 0; path = AppleCoreTests.xctest; sourceTree = BUILT_PRODUCTS_DIR; };
		34450CC722305DAB004B06F6 /* AppleCoreTests.swift */ = {isa = PBXFileReference; lastKnownFileType = sourcecode.swift; path = AppleCoreTests.swift; sourceTree = "<group>"; };
		34450CC922305DAB004B06F6 /* Info.plist */ = {isa = PBXFileReference; lastKnownFileType = text.plist.xml; path = Info.plist; sourceTree = "<group>"; };
		34450CCE22305DAB004B06F6 /* AppleCoreUITests.xctest */ = {isa = PBXFileReference; explicitFileType = wrapper.cfbundle; includeInIndex = 0; path = AppleCoreUITests.xctest; sourceTree = BUILT_PRODUCTS_DIR; };
		34450CD222305DAB004B06F6 /* AppleCoreUITests.swift */ = {isa = PBXFileReference; lastKnownFileType = sourcecode.swift; path = AppleCoreUITests.swift; sourceTree = "<group>"; };
		34450CD422305DAB004B06F6 /* Info.plist */ = {isa = PBXFileReference; lastKnownFileType = text.plist.xml; path = Info.plist; sourceTree = "<group>"; };
		34450CE322305E63004B06F6 /* DarkTheme.swift */ = {isa = PBXFileReference; lastKnownFileType = sourcecode.swift; path = DarkTheme.swift; sourceTree = "<group>"; };
		34450CE622305F9D004B06F6 /* Colors.xcassets */ = {isa = PBXFileReference; lastKnownFileType = folder.assetcatalog; path = Colors.xcassets; sourceTree = "<group>"; };
		34450CE92230B6E4004B06F6 /* LightTheme.swift */ = {isa = PBXFileReference; lastKnownFileType = sourcecode.swift; path = LightTheme.swift; sourceTree = "<group>"; };
		34450CEB2230B6EC004B06F6 /* ThemeProtocol.swift */ = {isa = PBXFileReference; lastKnownFileType = sourcecode.swift; path = ThemeProtocol.swift; sourceTree = "<group>"; };
		34450CED2230BB5F004B06F6 /* Theme.swift */ = {isa = PBXFileReference; lastKnownFileType = sourcecode.swift; path = Theme.swift; sourceTree = "<group>"; };
		347649A12240B0B700CBFBF1 /* SettingsInterfaceTint.storyboard */ = {isa = PBXFileReference; lastKnownFileType = file.storyboard; path = SettingsInterfaceTint.storyboard; sourceTree = "<group>"; };
		349A5C5D223DA00200B8F744 /* ButtonSizeSettingTableViewController.swift */ = {isa = PBXFileReference; lastKnownFileType = sourcecode.swift; path = ButtonSizeSettingTableViewController.swift; sourceTree = "<group>"; };
		349A5C5F223DA01500B8F744 /* InterfaceTintSettingTableViewController.swift */ = {isa = PBXFileReference; lastKnownFileType = sourcecode.swift; path = InterfaceTintSettingTableViewController.swift; sourceTree = "<group>"; };
		349A5C61223DA02800B8F744 /* TextAlignmentSettingTableViewController.swift */ = {isa = PBXFileReference; lastKnownFileType = sourcecode.swift; path = TextAlignmentSettingTableViewController.swift; sourceTree = "<group>"; };
		349A5C63223DA03400B8F744 /* TextSizeSettingTableViewController.swift */ = {isa = PBXFileReference; lastKnownFileType = sourcecode.swift; path = TextSizeSettingTableViewController.swift; sourceTree = "<group>"; };
		349A5C65223DA04400B8F744 /* TextColourSettingTableViewController.swift */ = {isa = PBXFileReference; lastKnownFileType = sourcecode.swift; path = TextColourSettingTableViewController.swift; sourceTree = "<group>"; };
		349F0F4A223C67E3008C2C61 /* CellType.swift */ = {isa = PBXFileReference; lastKnownFileType = sourcecode.swift; path = CellType.swift; sourceTree = "<group>"; };
		349F0F4E223C6D68008C2C61 /* SettingType.swift */ = {isa = PBXFileReference; lastKnownFileType = sourcecode.swift; path = SettingType.swift; sourceTree = "<group>"; };
		349F0F5B223C8D5B008C2C61 /* ButtonSizeTableViewCell.swift */ = {isa = PBXFileReference; lastKnownFileType = sourcecode.swift; path = ButtonSizeTableViewCell.swift; sourceTree = "<group>"; };
		349F0F5C223C8D5B008C2C61 /* ButtonSizeTableViewCell.xib */ = {isa = PBXFileReference; lastKnownFileType = file.xib; path = ButtonSizeTableViewCell.xib; sourceTree = "<group>"; };
		349F0F5F223C8D6C008C2C61 /* InterfaceTintTableViewCell.swift */ = {isa = PBXFileReference; lastKnownFileType = sourcecode.swift; path = InterfaceTintTableViewCell.swift; sourceTree = "<group>"; };
		349F0F60223C8D6C008C2C61 /* InterfaceTintTableViewCell.xib */ = {isa = PBXFileReference; lastKnownFileType = file.xib; path = InterfaceTintTableViewCell.xib; sourceTree = "<group>"; };
		349F0F65223C8DB9008C2C61 /* TextSizeTableViewCell.swift */ = {isa = PBXFileReference; lastKnownFileType = sourcecode.swift; path = TextSizeTableViewCell.swift; sourceTree = "<group>"; };
		349F0F66223C8DB9008C2C61 /* TextSizeTableViewCell.xib */ = {isa = PBXFileReference; lastKnownFileType = file.xib; path = TextSizeTableViewCell.xib; sourceTree = "<group>"; };
		349F0F6A223C8DE9008C2C61 /* TextAlignmentTableViewCell.swift */ = {isa = PBXFileReference; lastKnownFileType = sourcecode.swift; path = TextAlignmentTableViewCell.swift; sourceTree = "<group>"; };
		349F0F6B223C8DE9008C2C61 /* TextAlignmentTableViewCell.xib */ = {isa = PBXFileReference; lastKnownFileType = file.xib; path = TextAlignmentTableViewCell.xib; sourceTree = "<group>"; };
		349F0F70223C9346008C2C61 /* TextColorTableViewCell.swift */ = {isa = PBXFileReference; lastKnownFileType = sourcecode.swift; path = TextColorTableViewCell.swift; sourceTree = "<group>"; };
		349F0F71223C9346008C2C61 /* TextColorTableViewCell.xib */ = {isa = PBXFileReference; lastKnownFileType = file.xib; path = TextColorTableViewCell.xib; sourceTree = "<group>"; };
		349F0F75223C96CF008C2C61 /* DataModel.swift */ = {isa = PBXFileReference; lastKnownFileType = sourcecode.swift; path = DataModel.swift; sourceTree = "<group>"; };
		349F0F77223C974B008C2C61 /* Extensions.swift */ = {isa = PBXFileReference; lastKnownFileType = sourcecode.swift; path = Extensions.swift; sourceTree = "<group>"; };
		349F0F79223C99CC008C2C61 /* SettingItem.swift */ = {isa = PBXFileReference; lastKnownFileType = sourcecode.swift; path = SettingItem.swift; sourceTree = "<group>"; };
		349F0F7B223C99E8008C2C61 /* Settings.swift */ = {isa = PBXFileReference; lastKnownFileType = sourcecode.swift; path = Settings.swift; sourceTree = "<group>"; };
		34C4F04722399A820041815E /* Constants.swift */ = {isa = PBXFileReference; lastKnownFileType = sourcecode.swift; path = Constants.swift; sourceTree = "<group>"; };
/* End PBXFileReference section */

/* Begin PBXFrameworksBuildPhase section */
		34450CAA22305DAA004B06F6 /* Frameworks */ = {
			isa = PBXFrameworksBuildPhase;
			buildActionMask = 2147483647;
			files = (
			);
			runOnlyForDeploymentPostprocessing = 0;
		};
		34450CC022305DAB004B06F6 /* Frameworks */ = {
			isa = PBXFrameworksBuildPhase;
			buildActionMask = 2147483647;
			files = (
			);
			runOnlyForDeploymentPostprocessing = 0;
		};
		34450CCB22305DAB004B06F6 /* Frameworks */ = {
			isa = PBXFrameworksBuildPhase;
			buildActionMask = 2147483647;
			files = (
			);
			runOnlyForDeploymentPostprocessing = 0;
		};
/* End PBXFrameworksBuildPhase section */

/* Begin PBXGroup section */
		34450CA422305DAA004B06F6 = {
			isa = PBXGroup;
			children = (
				34450CAF22305DAA004B06F6 /* AppleCore */,
				34450CC622305DAB004B06F6 /* AppleCoreTests */,
				34450CD122305DAB004B06F6 /* AppleCoreUITests */,
				34450CAE22305DAA004B06F6 /* Products */,
			);
			sourceTree = "<group>";
		};
		34450CAE22305DAA004B06F6 /* Products */ = {
			isa = PBXGroup;
			children = (
				34450CAD22305DAA004B06F6 /* AppleCore.app */,
				34450CC322305DAB004B06F6 /* AppleCoreTests.xctest */,
				34450CCE22305DAB004B06F6 /* AppleCoreUITests.xctest */,
			);
			name = Products;
			sourceTree = "<group>";
		};
		34450CAF22305DAA004B06F6 /* AppleCore */ = {
			isa = PBXGroup;
			children = (
				34450CB022305DAA004B06F6 /* AppDelegate.swift */,
				34450CE522305F7D004B06F6 /* Resources */,
				34450CE82230B6D1004B06F6 /* Theme */,
				34450CE222305E58004B06F6 /* Models */,
				34450CE122305E4A004B06F6 /* Controllers */,
				349F0F47223C6432008C2C61 /* SupportingFiles */,
				34450CE022305E40004B06F6 /* Views */,
				34450CB922305DAB004B06F6 /* Assets.xcassets */,
				34450CBB22305DAB004B06F6 /* LaunchScreen.storyboard */,
				34450CBE22305DAB004B06F6 /* Info.plist */,
			);
			path = AppleCore;
			sourceTree = "<group>";
		};
		34450CC622305DAB004B06F6 /* AppleCoreTests */ = {
			isa = PBXGroup;
			children = (
				34450CC722305DAB004B06F6 /* AppleCoreTests.swift */,
				34450CC922305DAB004B06F6 /* Info.plist */,
			);
			path = AppleCoreTests;
			sourceTree = "<group>";
		};
		34450CD122305DAB004B06F6 /* AppleCoreUITests */ = {
			isa = PBXGroup;
			children = (
				34450CD222305DAB004B06F6 /* AppleCoreUITests.swift */,
				34450CD422305DAB004B06F6 /* Info.plist */,
			);
			path = AppleCoreUITests;
			sourceTree = "<group>";
		};
		34450CE022305E40004B06F6 /* Views */ = {
			isa = PBXGroup;
			children = (
				34450CB622305DAA004B06F6 /* Main.storyboard */,
				347649A12240B0B700CBFBF1 /* SettingsInterfaceTint.storyboard */,
			);
			path = Views;
			sourceTree = "<group>";
		};
		34450CE122305E4A004B06F6 /* Controllers */ = {
			isa = PBXGroup;
			children = (
				34450CB222305DAA004B06F6 /* InterfaceViewController.swift */,
				34450CB422305DAA004B06F6 /* SettingsViewController.swift */,
				343C2C2F2239F76E00874392 /* SettingsDetailViewController.swift */,
				349A5C5D223DA00200B8F744 /* ButtonSizeSettingTableViewController.swift */,
				349A5C5F223DA01500B8F744 /* InterfaceTintSettingTableViewController.swift */,
				349A5C61223DA02800B8F744 /* TextAlignmentSettingTableViewController.swift */,
				349A5C63223DA03400B8F744 /* TextSizeSettingTableViewController.swift */,
				349A5C65223DA04400B8F744 /* TextColourSettingTableViewController.swift */,
			);
			path = Controllers;
			sourceTree = "<group>";
		};
		34450CE222305E58004B06F6 /* Models */ = {
			isa = PBXGroup;
			children = (
				34C4F04722399A820041815E /* Constants.swift */,
				349F0F75223C96CF008C2C61 /* DataModel.swift */,
			);
			path = Models;
			sourceTree = "<group>";
		};
		34450CE522305F7D004B06F6 /* Resources */ = {
			isa = PBXGroup;
			children = (
				34450CE622305F9D004B06F6 /* Colors.xcassets */,
			);
			path = Resources;
			sourceTree = "<group>";
		};
		34450CE82230B6D1004B06F6 /* Theme */ = {
			isa = PBXGroup;
			children = (
				34450CE322305E63004B06F6 /* DarkTheme.swift */,
				34450CE92230B6E4004B06F6 /* LightTheme.swift */,
				34450CEB2230B6EC004B06F6 /* ThemeProtocol.swift */,
				34450CED2230BB5F004B06F6 /* Theme.swift */,
			);
			path = Theme;
			sourceTree = "<group>";
		};
		349F0F47223C6432008C2C61 /* SupportingFiles */ = {
			isa = PBXGroup;
			children = (
				349F0F4E223C6D68008C2C61 /* SettingType.swift */,
				349F0F77223C974B008C2C61 /* Extensions.swift */,
				349F0F4A223C67E3008C2C61 /* CellType.swift */,
				343C2C2B2239F53000874392 /* UIButtonX.swift */,
				343C2C2D2239F72500874392 /* UIViewX.swift */,
				349F0F79223C99CC008C2C61 /* SettingItem.swift */,
				349F0F7B223C99E8008C2C61 /* Settings.swift */,
				349F0F52223C8C29008C2C61 /* Cells */,
			);
			path = SupportingFiles;
			sourceTree = "<group>";
		};
		349F0F52223C8C29008C2C61 /* Cells */ = {
			isa = PBXGroup;
			children = (
				349F0F64223C8D9A008C2C61 /* ButtonSizeCell */,
				349F0F63223C8D76008C2C61 /* InterfaceTintCell */,
				349F0F6F223C932F008C2C61 /* TextAlignmentCell */,
				349F0F69223C8DBD008C2C61 /* TextSizeCell */,
				349F0F74223C968E008C2C61 /* TextColor */,
			);
			path = Cells;
			sourceTree = "<group>";
		};
		349F0F63223C8D76008C2C61 /* InterfaceTintCell */ = {
			isa = PBXGroup;
			children = (
				349F0F5F223C8D6C008C2C61 /* InterfaceTintTableViewCell.swift */,
				349F0F60223C8D6C008C2C61 /* InterfaceTintTableViewCell.xib */,
			);
			path = InterfaceTintCell;
			sourceTree = "<group>";
		};
		349F0F64223C8D9A008C2C61 /* ButtonSizeCell */ = {
			isa = PBXGroup;
			children = (
				349F0F5B223C8D5B008C2C61 /* ButtonSizeTableViewCell.swift */,
				349F0F5C223C8D5B008C2C61 /* ButtonSizeTableViewCell.xib */,
			);
			path = ButtonSizeCell;
			sourceTree = "<group>";
		};
		349F0F69223C8DBD008C2C61 /* TextSizeCell */ = {
			isa = PBXGroup;
			children = (
				349F0F65223C8DB9008C2C61 /* TextSizeTableViewCell.swift */,
				349F0F66223C8DB9008C2C61 /* TextSizeTableViewCell.xib */,
			);
			path = TextSizeCell;
			sourceTree = "<group>";
		};
		349F0F6F223C932F008C2C61 /* TextAlignmentCell */ = {
			isa = PBXGroup;
			children = (
				349F0F6A223C8DE9008C2C61 /* TextAlignmentTableViewCell.swift */,
				349F0F6B223C8DE9008C2C61 /* TextAlignmentTableViewCell.xib */,
			);
			path = TextAlignmentCell;
			sourceTree = "<group>";
		};
		349F0F74223C968E008C2C61 /* TextColor */ = {
			isa = PBXGroup;
			children = (
				349F0F70223C9346008C2C61 /* TextColorTableViewCell.swift */,
				349F0F71223C9346008C2C61 /* TextColorTableViewCell.xib */,
			);
			path = TextColor;
			sourceTree = "<group>";
		};
/* End PBXGroup section */

/* Begin PBXNativeTarget section */
		34450CAC22305DAA004B06F6 /* AppleCore */ = {
			isa = PBXNativeTarget;
			buildConfigurationList = 34450CD722305DAB004B06F6 /* Build configuration list for PBXNativeTarget "AppleCore" */;
			buildPhases = (
				34450CA922305DAA004B06F6 /* Sources */,
				34450CAA22305DAA004B06F6 /* Frameworks */,
				34450CAB22305DAA004B06F6 /* Resources */,
			);
			buildRules = (
			);
			dependencies = (
			);
			name = AppleCore;
			productName = AppleCore;
			productReference = 34450CAD22305DAA004B06F6 /* AppleCore.app */;
			productType = "com.apple.product-type.application";
		};
		34450CC222305DAB004B06F6 /* AppleCoreTests */ = {
			isa = PBXNativeTarget;
			buildConfigurationList = 34450CDA22305DAB004B06F6 /* Build configuration list for PBXNativeTarget "AppleCoreTests" */;
			buildPhases = (
				34450CBF22305DAB004B06F6 /* Sources */,
				34450CC022305DAB004B06F6 /* Frameworks */,
				34450CC122305DAB004B06F6 /* Resources */,
			);
			buildRules = (
			);
			dependencies = (
				34450CC522305DAB004B06F6 /* PBXTargetDependency */,
			);
			name = AppleCoreTests;
			productName = AppleCoreTests;
			productReference = 34450CC322305DAB004B06F6 /* AppleCoreTests.xctest */;
			productType = "com.apple.product-type.bundle.unit-test";
		};
		34450CCD22305DAB004B06F6 /* AppleCoreUITests */ = {
			isa = PBXNativeTarget;
			buildConfigurationList = 34450CDD22305DAB004B06F6 /* Build configuration list for PBXNativeTarget "AppleCoreUITests" */;
			buildPhases = (
				34450CCA22305DAB004B06F6 /* Sources */,
				34450CCB22305DAB004B06F6 /* Frameworks */,
				34450CCC22305DAB004B06F6 /* Resources */,
			);
			buildRules = (
			);
			dependencies = (
				34450CD022305DAB004B06F6 /* PBXTargetDependency */,
			);
			name = AppleCoreUITests;
			productName = AppleCoreUITests;
			productReference = 34450CCE22305DAB004B06F6 /* AppleCoreUITests.xctest */;
			productType = "com.apple.product-type.bundle.ui-testing";
		};
/* End PBXNativeTarget section */

/* Begin PBXProject section */
		34450CA522305DAA004B06F6 /* Project object */ = {
			isa = PBXProject;
			attributes = {
				LastSwiftUpdateCheck = 1010;
				LastUpgradeCheck = 1010;
				ORGANIZATIONNAME = "Riley Calkins";
				TargetAttributes = {
					34450CAC22305DAA004B06F6 = {
						CreatedOnToolsVersion = 10.1;
					};
					34450CC222305DAB004B06F6 = {
						CreatedOnToolsVersion = 10.1;
						TestTargetID = 34450CAC22305DAA004B06F6;
					};
					34450CCD22305DAB004B06F6 = {
						CreatedOnToolsVersion = 10.1;
						TestTargetID = 34450CAC22305DAA004B06F6;
					};
				};
			};
			buildConfigurationList = 34450CA822305DAA004B06F6 /* Build configuration list for PBXProject "AppleCore" */;
			compatibilityVersion = "Xcode 9.3";
			developmentRegion = en;
			hasScannedForEncodings = 0;
			knownRegions = (
				en,
				Base,
			);
			mainGroup = 34450CA422305DAA004B06F6;
			productRefGroup = 34450CAE22305DAA004B06F6 /* Products */;
			projectDirPath = "";
			projectRoot = "";
			targets = (
				34450CAC22305DAA004B06F6 /* AppleCore */,
				34450CC222305DAB004B06F6 /* AppleCoreTests */,
				34450CCD22305DAB004B06F6 /* AppleCoreUITests */,
			);
		};
/* End PBXProject section */

/* Begin PBXResourcesBuildPhase section */
		34450CAB22305DAA004B06F6 /* Resources */ = {
			isa = PBXResourcesBuildPhase;
			buildActionMask = 2147483647;
			files = (
				349F0F62223C8D6C008C2C61 /* InterfaceTintTableViewCell.xib in Resources */,
				34450CBD22305DAB004B06F6 /* LaunchScreen.storyboard in Resources */,
				34450CE722305F9D004B06F6 /* Colors.xcassets in Resources */,
				347649A22240B0B700CBFBF1 /* SettingsInterfaceTint.storyboard in Resources */,
				34450CBA22305DAB004B06F6 /* Assets.xcassets in Resources */,
				349F0F5E223C8D5B008C2C61 /* ButtonSizeTableViewCell.xib in Resources */,
				34450CB822305DAA004B06F6 /* Main.storyboard in Resources */,
				349F0F6D223C8DE9008C2C61 /* TextAlignmentTableViewCell.xib in Resources */,
				349F0F73223C9346008C2C61 /* TextColorTableViewCell.xib in Resources */,
				349F0F68223C8DB9008C2C61 /* TextSizeTableViewCell.xib in Resources */,
			);
			runOnlyForDeploymentPostprocessing = 0;
		};
		34450CC122305DAB004B06F6 /* Resources */ = {
			isa = PBXResourcesBuildPhase;
			buildActionMask = 2147483647;
			files = (
			);
			runOnlyForDeploymentPostprocessing = 0;
		};
		34450CCC22305DAB004B06F6 /* Resources */ = {
			isa = PBXResourcesBuildPhase;
			buildActionMask = 2147483647;
			files = (
			);
			runOnlyForDeploymentPostprocessing = 0;
		};
/* End PBXResourcesBuildPhase section */

/* Begin PBXSourcesBuildPhase section */
		34450CA922305DAA004B06F6 /* Sources */ = {
			isa = PBXSourcesBuildPhase;
			buildActionMask = 2147483647;
			files = (
				349F0F6C223C8DE9008C2C61 /* TextAlignmentTableViewCell.swift in Sources */,
				349F0F4F223C6D68008C2C61 /* SettingType.swift in Sources */,
				34450CB522305DAA004B06F6 /* SettingsViewController.swift in Sources */,
				349A5C62223DA02800B8F744 /* TextAlignmentSettingTableViewController.swift in Sources */,
				34450CE422305E63004B06F6 /* DarkTheme.swift in Sources */,
				349F0F76223C96CF008C2C61 /* DataModel.swift in Sources */,
				349A5C60223DA01500B8F744 /* InterfaceTintSettingTableViewController.swift in Sources */,
				34450CB122305DAA004B06F6 /* AppDelegate.swift in Sources */,
				349F0F72223C9346008C2C61 /* TextColorTableViewCell.swift in Sources */,
				349F0F7C223C99E8008C2C61 /* Settings.swift in Sources */,
				343C2C2E2239F72500874392 /* UIViewX.swift in Sources */,
				34450CEC2230B6EC004B06F6 /* ThemeProtocol.swift in Sources */,
				349A5C64223DA03400B8F744 /* TextSizeSettingTableViewController.swift in Sources */,
				34450CB322305DAA004B06F6 /* InterfaceViewController.swift in Sources */,
				343C2C2C2239F53000874392 /* UIButtonX.swift in Sources */,
				349F0F4B223C67E3008C2C61 /* CellType.swift in Sources */,
				349F0F7A223C99CC008C2C61 /* SettingItem.swift in Sources */,
				349F0F78223C974B008C2C61 /* Extensions.swift in Sources */,
				34450CEA2230B6E4004B06F6 /* LightTheme.swift in Sources */,
				34450CEE2230BB5F004B06F6 /* Theme.swift in Sources */,
				349F0F67223C8DB9008C2C61 /* TextSizeTableViewCell.swift in Sources */,
				349F0F61223C8D6C008C2C61 /* InterfaceTintTableViewCell.swift in Sources */,
				349F0F5D223C8D5B008C2C61 /* ButtonSizeTableViewCell.swift in Sources */,
				34C4F04822399A820041815E /* Constants.swift in Sources */,
				343C2C302239F76E00874392 /* SettingsDetailViewController.swift in Sources */,
				349A5C66223DA04400B8F744 /* TextColourSettingTableViewController.swift in Sources */,
				349A5C5E223DA00200B8F744 /* ButtonSizeSettingTableViewController.swift in Sources */,
			);
			runOnlyForDeploymentPostprocessing = 0;
		};
		34450CBF22305DAB004B06F6 /* Sources */ = {
			isa = PBXSourcesBuildPhase;
			buildActionMask = 2147483647;
			files = (
				34450CC822305DAB004B06F6 /* AppleCoreTests.swift in Sources */,
			);
			runOnlyForDeploymentPostprocessing = 0;
		};
		34450CCA22305DAB004B06F6 /* Sources */ = {
			isa = PBXSourcesBuildPhase;
			buildActionMask = 2147483647;
			files = (
				34450CD322305DAB004B06F6 /* AppleCoreUITests.swift in Sources */,
			);
			runOnlyForDeploymentPostprocessing = 0;
		};
/* End PBXSourcesBuildPhase section */

/* Begin PBXTargetDependency section */
		34450CC522305DAB004B06F6 /* PBXTargetDependency */ = {
			isa = PBXTargetDependency;
			target = 34450CAC22305DAA004B06F6 /* AppleCore */;
			targetProxy = 34450CC422305DAB004B06F6 /* PBXContainerItemProxy */;
		};
		34450CD022305DAB004B06F6 /* PBXTargetDependency */ = {
			isa = PBXTargetDependency;
			target = 34450CAC22305DAA004B06F6 /* AppleCore */;
			targetProxy = 34450CCF22305DAB004B06F6 /* PBXContainerItemProxy */;
		};
/* End PBXTargetDependency section */

/* Begin PBXVariantGroup section */
		34450CB622305DAA004B06F6 /* Main.storyboard */ = {
			isa = PBXVariantGroup;
			children = (
				34450CB722305DAA004B06F6 /* Base */,
			);
			name = Main.storyboard;
			sourceTree = "<group>";
		};
		34450CBB22305DAB004B06F6 /* LaunchScreen.storyboard */ = {
			isa = PBXVariantGroup;
			children = (
				34450CBC22305DAB004B06F6 /* Base */,
			);
			name = LaunchScreen.storyboard;
			sourceTree = "<group>";
		};
/* End PBXVariantGroup section */

/* Begin XCBuildConfiguration section */
		34450CD522305DAB004B06F6 /* Debug */ = {
			isa = XCBuildConfiguration;
			buildSettings = {
				ALWAYS_SEARCH_USER_PATHS = NO;
				CLANG_ANALYZER_NONNULL = YES;
				CLANG_ANALYZER_NUMBER_OBJECT_CONVERSION = YES_AGGRESSIVE;
				CLANG_CXX_LANGUAGE_STANDARD = "gnu++14";
				CLANG_CXX_LIBRARY = "libc++";
				CLANG_ENABLE_MODULES = YES;
				CLANG_ENABLE_OBJC_ARC = YES;
				CLANG_ENABLE_OBJC_WEAK = YES;
				CLANG_WARN_BLOCK_CAPTURE_AUTORELEASING = YES;
				CLANG_WARN_BOOL_CONVERSION = YES;
				CLANG_WARN_COMMA = YES;
				CLANG_WARN_CONSTANT_CONVERSION = YES;
				CLANG_WARN_DEPRECATED_OBJC_IMPLEMENTATIONS = YES;
				CLANG_WARN_DIRECT_OBJC_ISA_USAGE = YES_ERROR;
				CLANG_WARN_DOCUMENTATION_COMMENTS = YES;
				CLANG_WARN_EMPTY_BODY = YES;
				CLANG_WARN_ENUM_CONVERSION = YES;
				CLANG_WARN_INFINITE_RECURSION = YES;
				CLANG_WARN_INT_CONVERSION = YES;
				CLANG_WARN_NON_LITERAL_NULL_CONVERSION = YES;
				CLANG_WARN_OBJC_IMPLICIT_RETAIN_SELF = YES;
				CLANG_WARN_OBJC_LITERAL_CONVERSION = YES;
				CLANG_WARN_OBJC_ROOT_CLASS = YES_ERROR;
				CLANG_WARN_RANGE_LOOP_ANALYSIS = YES;
				CLANG_WARN_STRICT_PROTOTYPES = YES;
				CLANG_WARN_SUSPICIOUS_MOVE = YES;
				CLANG_WARN_UNGUARDED_AVAILABILITY = YES_AGGRESSIVE;
				CLANG_WARN_UNREACHABLE_CODE = YES;
				CLANG_WARN__DUPLICATE_METHOD_MATCH = YES;
				CODE_SIGN_IDENTITY = "iPhone Developer";
				COPY_PHASE_STRIP = NO;
				DEBUG_INFORMATION_FORMAT = dwarf;
				ENABLE_STRICT_OBJC_MSGSEND = YES;
				ENABLE_TESTABILITY = YES;
				GCC_C_LANGUAGE_STANDARD = gnu11;
				GCC_DYNAMIC_NO_PIC = NO;
				GCC_NO_COMMON_BLOCKS = YES;
				GCC_OPTIMIZATION_LEVEL = 0;
				GCC_PREPROCESSOR_DEFINITIONS = (
					"DEBUG=1",
					"$(inherited)",
				);
				GCC_WARN_64_TO_32_BIT_CONVERSION = YES;
				GCC_WARN_ABOUT_RETURN_TYPE = YES_ERROR;
				GCC_WARN_UNDECLARED_SELECTOR = YES;
				GCC_WARN_UNINITIALIZED_AUTOS = YES_AGGRESSIVE;
				GCC_WARN_UNUSED_FUNCTION = YES;
				GCC_WARN_UNUSED_VARIABLE = YES;
				IPHONEOS_DEPLOYMENT_TARGET = 12.1;
				MTL_ENABLE_DEBUG_INFO = INCLUDE_SOURCE;
				MTL_FAST_MATH = YES;
				ONLY_ACTIVE_ARCH = YES;
				SDKROOT = iphoneos;
				SWIFT_ACTIVE_COMPILATION_CONDITIONS = DEBUG;
				SWIFT_OPTIMIZATION_LEVEL = "-Onone";
			};
			name = Debug;
		};
		34450CD622305DAB004B06F6 /* Release */ = {
			isa = XCBuildConfiguration;
			buildSettings = {
				ALWAYS_SEARCH_USER_PATHS = NO;
				CLANG_ANALYZER_NONNULL = YES;
				CLANG_ANALYZER_NUMBER_OBJECT_CONVERSION = YES_AGGRESSIVE;
				CLANG_CXX_LANGUAGE_STANDARD = "gnu++14";
				CLANG_CXX_LIBRARY = "libc++";
				CLANG_ENABLE_MODULES = YES;
				CLANG_ENABLE_OBJC_ARC = YES;
				CLANG_ENABLE_OBJC_WEAK = YES;
				CLANG_WARN_BLOCK_CAPTURE_AUTORELEASING = YES;
				CLANG_WARN_BOOL_CONVERSION = YES;
				CLANG_WARN_COMMA = YES;
				CLANG_WARN_CONSTANT_CONVERSION = YES;
				CLANG_WARN_DEPRECATED_OBJC_IMPLEMENTATIONS = YES;
				CLANG_WARN_DIRECT_OBJC_ISA_USAGE = YES_ERROR;
				CLANG_WARN_DOCUMENTATION_COMMENTS = YES;
				CLANG_WARN_EMPTY_BODY = YES;
				CLANG_WARN_ENUM_CONVERSION = YES;
				CLANG_WARN_INFINITE_RECURSION = YES;
				CLANG_WARN_INT_CONVERSION = YES;
				CLANG_WARN_NON_LITERAL_NULL_CONVERSION = YES;
				CLANG_WARN_OBJC_IMPLICIT_RETAIN_SELF = YES;
				CLANG_WARN_OBJC_LITERAL_CONVERSION = YES;
				CLANG_WARN_OBJC_ROOT_CLASS = YES_ERROR;
				CLANG_WARN_RANGE_LOOP_ANALYSIS = YES;
				CLANG_WARN_STRICT_PROTOTYPES = YES;
				CLANG_WARN_SUSPICIOUS_MOVE = YES;
				CLANG_WARN_UNGUARDED_AVAILABILITY = YES_AGGRESSIVE;
				CLANG_WARN_UNREACHABLE_CODE = YES;
				CLANG_WARN__DUPLICATE_METHOD_MATCH = YES;
				CODE_SIGN_IDENTITY = "iPhone Developer";
				COPY_PHASE_STRIP = NO;
				DEBUG_INFORMATION_FORMAT = "dwarf-with-dsym";
				ENABLE_NS_ASSERTIONS = NO;
				ENABLE_STRICT_OBJC_MSGSEND = YES;
				GCC_C_LANGUAGE_STANDARD = gnu11;
				GCC_NO_COMMON_BLOCKS = YES;
				GCC_WARN_64_TO_32_BIT_CONVERSION = YES;
				GCC_WARN_ABOUT_RETURN_TYPE = YES_ERROR;
				GCC_WARN_UNDECLARED_SELECTOR = YES;
				GCC_WARN_UNINITIALIZED_AUTOS = YES_AGGRESSIVE;
				GCC_WARN_UNUSED_FUNCTION = YES;
				GCC_WARN_UNUSED_VARIABLE = YES;
				IPHONEOS_DEPLOYMENT_TARGET = 12.1;
				MTL_ENABLE_DEBUG_INFO = NO;
				MTL_FAST_MATH = YES;
				SDKROOT = iphoneos;
				SWIFT_COMPILATION_MODE = wholemodule;
				SWIFT_OPTIMIZATION_LEVEL = "-O";
				VALIDATE_PRODUCT = YES;
			};
			name = Release;
		};
		34450CD822305DAB004B06F6 /* Debug */ = {
			isa = XCBuildConfiguration;
			buildSettings = {
				ASSETCATALOG_COMPILER_APPICON_NAME = AppIcon;
				CODE_SIGN_IDENTITY = "iPhone Developer";
				CODE_SIGN_STYLE = Automatic;
				DEVELOPMENT_TEAM = 6P8KRE82L9;
				INFOPLIST_FILE = AppleCore/Info.plist;
				IPHONEOS_DEPLOYMENT_TARGET = 12.1;
				LD_RUNPATH_SEARCH_PATHS = (
					"$(inherited)",
					"@executable_path/Frameworks",
				);
				PRODUCT_BUNDLE_IDENTIFIER = com.ontogenesis.AppleCore;
				PRODUCT_NAME = "$(TARGET_NAME)";
				PROVISIONING_PROFILE_SPECIFIER = "";
				SWIFT_VERSION = 4.2;
				TARGETED_DEVICE_FAMILY = "1,2";
			};
			name = Debug;
		};
		34450CD922305DAB004B06F6 /* Release */ = {
			isa = XCBuildConfiguration;
			buildSettings = {
				ASSETCATALOG_COMPILER_APPICON_NAME = AppIcon;
				CODE_SIGN_IDENTITY = "iPhone Developer";
				CODE_SIGN_STYLE = Automatic;
				DEVELOPMENT_TEAM = 6P8KRE82L9;
				INFOPLIST_FILE = AppleCore/Info.plist;
				IPHONEOS_DEPLOYMENT_TARGET = 12.1;
				LD_RUNPATH_SEARCH_PATHS = (
					"$(inherited)",
					"@executable_path/Frameworks",
				);
				PRODUCT_BUNDLE_IDENTIFIER = com.ontogenesis.AppleCore;
				PRODUCT_NAME = "$(TARGET_NAME)";
				PROVISIONING_PROFILE_SPECIFIER = "";
				SWIFT_VERSION = 4.2;
				TARGETED_DEVICE_FAMILY = "1,2";
			};
			name = Release;
		};
		34450CDB22305DAB004B06F6 /* Debug */ = {
			isa = XCBuildConfiguration;
			buildSettings = {
				ALWAYS_EMBED_SWIFT_STANDARD_LIBRARIES = YES;
				BUNDLE_LOADER = "$(TEST_HOST)";
				CODE_SIGN_STYLE = Automatic;
				INFOPLIST_FILE = AppleCoreTests/Info.plist;
				LD_RUNPATH_SEARCH_PATHS = (
					"$(inherited)",
					"@executable_path/Frameworks",
					"@loader_path/Frameworks",
				);
				PRODUCT_BUNDLE_IDENTIFIER = com.ontogenesis.AppleCoreTests;
				PRODUCT_NAME = "$(TARGET_NAME)";
				SWIFT_VERSION = 4.2;
				TARGETED_DEVICE_FAMILY = "1,2";
				TEST_HOST = "$(BUILT_PRODUCTS_DIR)/AppleCore.app/AppleCore";
			};
			name = Debug;
		};
		34450CDC22305DAB004B06F6 /* Release */ = {
			isa = XCBuildConfiguration;
			buildSettings = {
				ALWAYS_EMBED_SWIFT_STANDARD_LIBRARIES = YES;
				BUNDLE_LOADER = "$(TEST_HOST)";
				CODE_SIGN_STYLE = Automatic;
				INFOPLIST_FILE = AppleCoreTests/Info.plist;
				LD_RUNPATH_SEARCH_PATHS = (
					"$(inherited)",
					"@executable_path/Frameworks",
					"@loader_path/Frameworks",
				);
				PRODUCT_BUNDLE_IDENTIFIER = com.ontogenesis.AppleCoreTests;
				PRODUCT_NAME = "$(TARGET_NAME)";
				SWIFT_VERSION = 4.2;
				TARGETED_DEVICE_FAMILY = "1,2";
				TEST_HOST = "$(BUILT_PRODUCTS_DIR)/AppleCore.app/AppleCore";
			};
			name = Release;
		};
		34450CDE22305DAB004B06F6 /* Debug */ = {
			isa = XCBuildConfiguration;
			buildSettings = {
				ALWAYS_EMBED_SWIFT_STANDARD_LIBRARIES = YES;
				CODE_SIGN_STYLE = Automatic;
				INFOPLIST_FILE = AppleCoreUITests/Info.plist;
				LD_RUNPATH_SEARCH_PATHS = (
					"$(inherited)",
					"@executable_path/Frameworks",
					"@loader_path/Frameworks",
				);
				PRODUCT_BUNDLE_IDENTIFIER = com.ontogenesis.AppleCoreUITests;
				PRODUCT_NAME = "$(TARGET_NAME)";
				SWIFT_VERSION = 4.2;
				TARGETED_DEVICE_FAMILY = "1,2";
				TEST_TARGET_NAME = AppleCore;
			};
			name = Debug;
		};
		34450CDF22305DAB004B06F6 /* Release */ = {
			isa = XCBuildConfiguration;
			buildSettings = {
				ALWAYS_EMBED_SWIFT_STANDARD_LIBRARIES = YES;
				CODE_SIGN_STYLE = Automatic;
				INFOPLIST_FILE = AppleCoreUITests/Info.plist;
				LD_RUNPATH_SEARCH_PATHS = (
					"$(inherited)",
					"@executable_path/Frameworks",
					"@loader_path/Frameworks",
				);
				PRODUCT_BUNDLE_IDENTIFIER = com.ontogenesis.AppleCoreUITests;
				PRODUCT_NAME = "$(TARGET_NAME)";
				SWIFT_VERSION = 4.2;
				TARGETED_DEVICE_FAMILY = "1,2";
				TEST_TARGET_NAME = AppleCore;
			};
			name = Release;
		};
/* End XCBuildConfiguration section */

/* Begin XCConfigurationList section */
		34450CA822305DAA004B06F6 /* Build configuration list for PBXProject "AppleCore" */ = {
			isa = XCConfigurationList;
			buildConfigurations = (
				34450CD522305DAB004B06F6 /* Debug */,
				34450CD622305DAB004B06F6 /* Release */,
			);
			defaultConfigurationIsVisible = 0;
			defaultConfigurationName = Release;
		};
		34450CD722305DAB004B06F6 /* Build configuration list for PBXNativeTarget "AppleCore" */ = {
			isa = XCConfigurationList;
			buildConfigurations = (
				34450CD822305DAB004B06F6 /* Debug */,
				34450CD922305DAB004B06F6 /* Release */,
			);
			defaultConfigurationIsVisible = 0;
			defaultConfigurationName = Release;
		};
		34450CDA22305DAB004B06F6 /* Build configuration list for PBXNativeTarget "AppleCoreTests" */ = {
			isa = XCConfigurationList;
			buildConfigurations = (
				34450CDB22305DAB004B06F6 /* Debug */,
				34450CDC22305DAB004B06F6 /* Release */,
			);
			defaultConfigurationIsVisible = 0;
			defaultConfigurationName = Release;
		};
		34450CDD22305DAB004B06F6 /* Build configuration list for PBXNativeTarget "AppleCoreUITests" */ = {
			isa = XCConfigurationList;
			buildConfigurations = (
				34450CDE22305DAB004B06F6 /* Debug */,
				34450CDF22305DAB004B06F6 /* Release */,
			);
			defaultConfigurationIsVisible = 0;
			defaultConfigurationName = Release;
		};
/* End XCConfigurationList section */
	};
	rootObject = 34450CA522305DAA004B06F6 /* Project object */;
}
